
Microsoft Visual Studio Solution File, Format Version 12.00
# Visual Studio 14
VisualStudioVersion = 14.0.25420.1
MinimumVisualStudioVersion = 10.0.40219.1
Project("{FAE04EC0-301F-11D3-BF4B-00C04F79EFBC}") = "Test", "Test\Test.csproj", "{B96B62FF-7A38-4C44-8A72-3F4D6D2DC63E}"
EndProject
Project("{2150E333-8FDC-42A3-9474-1A3956D46DE8}") = "View And Controller", "View And Controller", "{DD5410A7-24E8-4F4D-BABF-88C37384A0E3}"
EndProject
Project("{2150E333-8FDC-42A3-9474-1A3956D46DE8}") = "Model", "Model", "{55F74BFF-C958-422E-BDC4-95E5B212C5DF}"
EndProject
Project("{2150E333-8FDC-42A3-9474-1A3956D46DE8}") = "ViewModel", "ViewModel", "{C8146BBF-8BA2-46FE-AAB3-117D65F037A0}"
EndProject
Project("{2150E333-8FDC-42A3-9474-1A3956D46DE8}") = "DataAccessLayer", "DataAccessLayer", "{09DC9609-A1E1-4A3D-8989-AC6A4C5FF923}"
EndProject
Project("{FAE04EC0-301F-11D3-BF4B-00C04F79EFBC}") = "DataAccessLayer", "DataAccessLayer\DataAccessLayer.csproj", "{2E5A95A6-4A3B-4C6E-B2CC-7C848A256B7B}"
EndProject
Project("{FAE04EC0-301F-11D3-BF4B-00C04F79EFBC}") = "BusinessLayer", "BusinessLayer\BusinessLayer.csproj", "{79D0E265-247F-4D86-8909-671AEF77B71E}"
EndProject
Project("{FAE04EC0-301F-11D3-BF4B-00C04F79EFBC}") = "BusinessEntities", "BusinessEntities\BusinessEntities.csproj", "{0B1C3F0F-877F-4BD6-860B-07700AD8A16D}"
EndProject
Project("{FAE04EC0-301F-11D3-BF4B-00C04F79EFBC}") = "ViewModel", "ViewModel\ViewModel.csproj", "{57AE6FF3-C79C-4916-B15D-FCDDC03F8A84}"
EndProject
Project("{FAE04EC0-301F-11D3-BF4B-00C04F79EFBC}") = "MyClassLib", "MyClassLib.Test\MyClassLib.csproj", "{B17DCBFC-38E8-4F8F-B175-F35A9393D5EF}"
EndProject
Project("{2150E333-8FDC-42A3-9474-1A3956D46DE8}") = "Tests", "Tests", "{840F7B3F-4358-4D9E-8940-5D239ED6D5A7}"
EndProject
Project("{FAE04EC0-301F-11D3-BF4B-00C04F79EFBC}") = "Tests", "Tests\Tests.csproj", "{66E70837-2484-4F09-90AA-7F408E724943}"
EndProject
Global
	GlobalSection(SolutionConfigurationPlatforms) = preSolution
		Debug|Any CPU = Debug|Any CPU
		Release|Any CPU = Release|Any CPU
	EndGlobalSection
	GlobalSection(ProjectConfigurationPlatforms) = postSolution
		{B96B62FF-7A38-4C44-8A72-3F4D6D2DC63E}.Debug|Any CPU.ActiveCfg = Debug|Any CPU
		{B96B62FF-7A38-4C44-8A72-3F4D6D2DC63E}.Debug|Any CPU.Build.0 = Debug|Any CPU
		{B96B62FF-7A38-4C44-8A72-3F4D6D2DC63E}.Release|Any CPU.ActiveCfg = Release|Any CPU
		{B96B62FF-7A38-4C44-8A72-3F4D6D2DC63E}.Release|Any CPU.Build.0 = Release|Any CPU
		{2E5A95A6-4A3B-4C6E-B2CC-7C848A256B7B}.Debug|Any CPU.ActiveCfg = Debug|Any CPU
		{2E5A95A6-4A3B-4C6E-B2CC-7C848A256B7B}.Debug|Any CPU.Build.0 = Debug|Any CPU
		{2E5A95A6-4A3B-4C6E-B2CC-7C848A256B7B}.Release|Any CPU.ActiveCfg = Release|Any CPU
		{2E5A95A6-4A3B-4C6E-B2CC-7C848A256B7B}.Release|Any CPU.Build.0 = Release|Any CPU
		{79D0E265-247F-4D86-8909-671AEF77B71E}.Debug|Any CPU.ActiveCfg = Debug|Any CPU
		{79D0E265-247F-4D86-8909-671AEF77B71E}.Debug|Any CPU.Build.0 = Debug|Any CPU
		{79D0E265-247F-4D86-8909-671AEF77B71E}.Release|Any CPU.ActiveCfg = Release|Any CPU
		{79D0E265-247F-4D86-8909-671AEF77B71E}.Release|Any CPU.Build.0 = Release|Any CPU
		{0B1C3F0F-877F-4BD6-860B-07700AD8A16D}.Debug|Any CPU.ActiveCfg = Debug|Any CPU
		{0B1C3F0F-877F-4BD6-860B-07700AD8A16D}.Debug|Any CPU.Build.0 = Debug|Any CPU
		{0B1C3F0F-877F-4BD6-860B-07700AD8A16D}.Release|Any CPU.ActiveCfg = Release|Any CPU
		{0B1C3F0F-877F-4BD6-860B-07700AD8A16D}.Release|Any CPU.Build.0 = Release|Any CPU
		{57AE6FF3-C79C-4916-B15D-FCDDC03F8A84}.Debug|Any CPU.ActiveCfg = Debug|Any CPU
		{57AE6FF3-C79C-4916-B15D-FCDDC03F8A84}.Debug|Any CPU.Build.0 = Debug|Any CPU
		{57AE6FF3-C79C-4916-B15D-FCDDC03F8A84}.Release|Any CPU.ActiveCfg = Release|Any CPU
		{57AE6FF3-C79C-4916-B15D-FCDDC03F8A84}.Release|Any CPU.Build.0 = Release|Any CPU
		{B17DCBFC-38E8-4F8F-B175-F35A9393D5EF}.Debug|Any CPU.ActiveCfg = Debug|Any CPU
		{B17DCBFC-38E8-4F8F-B175-F35A9393D5EF}.Debug|Any CPU.Build.0 = Debug|Any CPU
		{B17DCBFC-38E8-4F8F-B175-F35A9393D5EF}.Release|Any CPU.ActiveCfg = Release|Any CPU
		{B17DCBFC-38E8-4F8F-B175-F35A9393D5EF}.Release|Any CPU.Build.0 = Release|Any CPU
		{66E70837-2484-4F09-90AA-7F408E724943}.Debug|Any CPU.ActiveCfg = Debug|Any CPU
		{66E70837-2484-4F09-90AA-7F408E724943}.Debug|Any CPU.Build.0 = Debug|Any CPU
		{66E70837-2484-4F09-90AA-7F408E724943}.Release|Any CPU.ActiveCfg = Release|Any CPU
		{66E70837-2484-4F09-90AA-7F408E724943}.Release|Any CPU.Build.0 = Release|Any CPU
	EndGlobalSection
	GlobalSection(SolutionProperties) = preSolution
		HideSolutionNode = FALSE
	EndGlobalSection
	GlobalSection(NestedProjects) = preSolution
		{B96B62FF-7A38-4C44-8A72-3F4D6D2DC63E} = {DD5410A7-24E8-4F4D-BABF-88C37384A0E3}
		{2E5A95A6-4A3B-4C6E-B2CC-7C848A256B7B} = {09DC9609-A1E1-4A3D-8989-AC6A4C5FF923}
		{79D0E265-247F-4D86-8909-671AEF77B71E} = {55F74BFF-C958-422E-BDC4-95E5B212C5DF}
		{0B1C3F0F-877F-4BD6-860B-07700AD8A16D} = {55F74BFF-C958-422E-BDC4-95E5B212C5DF}
		{57AE6FF3-C79C-4916-B15D-FCDDC03F8A84} = {C8146BBF-8BA2-46FE-AAB3-117D65F037A0}
		{66E70837-2484-4F09-90AA-7F408E724943} = {840F7B3F-4358-4D9E-8940-5D239ED6D5A7}
	EndGlobalSection
EndGlobal
